<?xml version="1.0" encoding="utf-8"?>
<Project ToolsVersion="4.0" xmlns="http://schemas.microsoft.com/developer/msbuild/2003">
  <ItemGroup>
    <ClCompile Include="gui.cpp" />
    <ClCompile Include="kernel.c">
      <Filter>kernel</Filter>
    </ClCompile>
    <ClCompile Include="settings.c">
      <Filter>kernel</Filter>
    </ClCompile>
    <ClCompile Include="lang.c">
      <Filter>kernel</Filter>
    </ClCompile>
    <ClCompile Include="keyboard.c">
      <Filter>drivers</Filter>
    </ClCompile>
    <ClCompile Include="fb.c">
      <Filter>drivers</Filter>
    </ClCompile>
    <ClCompile Include="idt.c" />
    <ClCompile Include="pic.c" />
    <ClCompile Include="timer.c" />
    <ClCompile Include="panic.c">
      <Filter>exception</Filter>
    </ClCompile>
    <ClCompile Include="exceptions.c">
      <Filter>exception</Filter>
    </ClCompile>
  </ItemGroup>
  <ItemGroup>
    <None Include="linker.ld" />
    <None Include="limine.conf" />
    <None Include="GNUmakefile" />
    <None Include="image.sh" />
    <None Include="run.bat" />
  </ItemGroup>
  <ItemGroup>
    <Filter Include="kernel">
      <UniqueIdentifier>{d30f7dd2-9877-4a64-b095-d90965667a3d}</UniqueIdentifier>
    </Filter>
    <Filter Include="drivers">
      <UniqueIdentifier>{097233ca-881f-49b1-adf0-3f4a747fb194}</UniqueIdentifier>
    </Filter>
    <Filter Include="include">
      <UniqueIdentifier>{b06943df-4823-4f98-aa89-280fba9ca2b7}</UniqueIdentifier>
    </Filter>
    <Filter Include="exception">
      <UniqueIdentifier>{eceb532b-40a9-4371-ae32-f362541a0c62}</UniqueIdentifier>
    </Filter>
  </ItemGroup>
  <ItemGroup>
    <ClInclude Include="settings.h">
      <Filter>kernel</Filter>
    </ClInclude>
    <ClInclude Include="lang.h">
      <Filter>kernel</Filter>
    </ClInclude>
    <ClInclude Include="keyboard.h">
      <Filter>drivers</Filter>
    </ClInclude>
    <ClInclude Include="io.h">
      <Filter>include</Filter>
    </ClInclude>
    <ClInclude Include="config.h">
      <Filter>include</Filter>
    </ClInclude>
    <ClInclude Include="fb.h">
      <Filter>drivers</Filter>
    </ClInclude>
    <ClInclude Include="font8x16.h">
      <Filter>drivers</Filter>
    </ClInclude>
    <ClInclude Include="idt.h" />
    <ClInclude Include="limine.h">
      <Filter>include</Filter>
    </ClInclude>
    <ClInclude Include="pic.h" />
    <ClInclude Include="timer.h" />
    <ClInclude Include="panic.h">
      <Filter>exception</Filter>
    </ClInclude>
    <ClInclude Include="exceptions.h">
      <Filter>exception</Filter>
    </ClInclude>
  </ItemGroup>
</Project>